
Microsoft Visual Studio Solution File, Format Version 12.00
# Visual Studio Version 16
VisualStudioVersion = 16.0.30611.23
MinimumVisualStudioVersion = 10.0.40219.1
Project("{FAE04EC0-301F-11D3-BF4B-00C04F79EFBC}") = "ElibraryManagement", "ElibraryManagement.csproj", "{30E2ADD6-0AB7-4DFB-AB9C-7C8C2B5611FC}"
EndProject
Global
	GlobalSection(SolutionConfigurationPlatforms) = preSolution
		Debug|Any CPU = Debug|Any CPU
		Release|Any CPU = Release|Any CPU
	EndGlobalSection
	GlobalSection(ProjectConfigurationPlatforms) = postSolution
		{30E2ADD6-0AB7-4DFB-AB9C-7C8C2B5611FC}.Debug|Any CPU.ActiveCfg = Debug|Any CPU
		{30E2ADD6-0AB7-4DFB-AB9C-7C8C2B5611FC}.Debug|Any CPU.Build.0 = Debug|Any CPU
		{30E2ADD6-0AB7-4DFB-AB9C-7C8C2B5611FC}.Release|Any CPU.ActiveCfg = Release|Any CPU
		{30E2ADD6-0AB7-4DFB-AB9C-7C8C2B5611FC}.Release|Any CPU.Build.0 = Release|Any CPU
	EndGlobalSection
	GlobalSection(SolutionProperties) = preSolution
		HideSolutionNode = FALSE
	EndGlobalSection
	GlobalSection(ExtensibilityGlobals) = postSolution
		SolutionGuid = {B7ECFE4E-D606-4AC6-8C87-BE729D0839A6}
	EndGlobalSection
EndGlobal
